{
  "version": 4,
  "terraform_version": "1.14.3",
  "serial": 16,
  "lineage": "e7cc4c2f-c45e-80c1-97de-8d9a696cc0d4",
  "outputs": {
    "key_vault_dns_name": {
      "value": "https://kvbrickhsodw9.vault.azure.net/",
      "type": "string"
    },
    "key_vault_name": {
      "value": "kvbrickhsodw9",
      "type": "string"
    }
  },
  "resources": [
    {
      "mode": "data",
      "type": "azurerm_client_config",
      "name": "current",
      "provider": "provider[\"registry.terraform.io/hashicorp/azurerm\"]",
      "instances": [
        {
          "schema_version": 0,
          "attributes": {
            "client_id": "04b07795-8ddb-461a-bbee-02f9e1bf7b46",
            "id": "Y2xpZW50Q29uZmlncy9jbGllbnRJZD0wNGIwNzc5NS04ZGRiLTQ2MWEtYmJlZS0wMmY5ZTFiZjdiNDY7b2JqZWN0SWQ9MDY4MjAwNDAtZTFiYS00MDYwLTk1ZTAtMzY1NjJlMDg1MzM0O3N1YnNjcmlwdGlvbklkPWFjYmM3ZTgyLWViZjEtNGRhZi05NmFiLTI2YzFhNGNiMzhiZTt0ZW5hbnRJZD1mZmNkZDc0MC1lMzc4LTQ2ODctYjYwYy1hMDFiNWE3ZGZmNGM=",
            "object_id": "06820040-e1ba-4060-95e0-36562e085334",
            "subscription_id": "acbc7e82-ebf1-4daf-96ab-26c1a4cb38be",
            "tenant_id": "ffcdd740-e378-4687-b60c-a01b5a7dff4c",
            "timeouts": null
          },
          "sensitive_attributes": [],
          "identity_schema_version": 0
        }
      ]
    },
    {
      "mode": "data",
      "type": "azurerm_resource_group",
      "name": "rg",
      "provider": "provider[\"registry.terraform.io/hashicorp/azurerm\"]",
      "instances": [
        {
          "schema_version": 0,
          "attributes": {
            "id": "/subscriptions/acbc7e82-ebf1-4daf-96ab-26c1a4cb38be/resourceGroups/brickster_westus2",
            "location": "westus2",
            "managed_by": "",
            "name": "brickster_westus2",
            "tags": {},
            "timeouts": null
          },
          "sensitive_attributes": [],
          "identity_schema_version": 0
        }
      ]
    },
    {
      "mode": "managed",
      "type": "random_string",
      "name": "suffix",
      "provider": "provider[\"registry.terraform.io/hashicorp/random\"]",
      "instances": [
        {
          "status": "tainted",
          "schema_version": 2,
          "attributes": {
            "id": "hsodw9",
            "keepers": null,
            "length": 6,
            "lower": true,
            "min_lower": 0,
            "min_numeric": 0,
            "min_special": 0,
            "min_upper": 0,
            "number": true,
            "numeric": true,
            "override_special": null,
            "result": "hsodw9",
            "special": false,
            "upper": false
          },
          "sensitive_attributes": [],
          "identity_schema_version": 0
        }
      ]
    }
  ],
  "check_results": null
}
